
Microsoft Visual Studio Solution File, Format Version 12.00
# Visual Studio Version 17
VisualStudioVersion = 17.11.35327.3
MinimumVisualStudioVersion = 10.0.40219.1
Project("{FAE04EC0-301F-11D3-BF4B-00C04F79EFBC}") = "practica 2", "practica 2\practica 2.csproj", "{15E9653D-5343-4418-B602-84874B6AE216}"
EndProject
Global
	GlobalSection(SolutionConfigurationPlatforms) = preSolution
		Debug|Any CPU = Debug|Any CPU
		Release|Any CPU = Release|Any CPU
	EndGlobalSection
	GlobalSection(ProjectConfigurationPlatforms) = postSolution
		{15E9653D-5343-4418-B602-84874B6AE216}.Debug|Any CPU.ActiveCfg = Debug|Any CPU
		{15E9653D-5343-4418-B602-84874B6AE216}.Debug|Any CPU.Build.0 = Debug|Any CPU
		{15E9653D-5343-4418-B602-84874B6AE216}.Release|Any CPU.ActiveCfg = Release|Any CPU
		{15E9653D-5343-4418-B602-84874B6AE216}.Release|Any CPU.Build.0 = Release|Any CPU
	EndGlobalSection
	GlobalSection(SolutionProperties) = preSolution
		HideSolutionNode = FALSE
	EndGlobalSection
	GlobalSection(ExtensibilityGlobals) = postSolution
		SolutionGuid = {D3580151-6043-4619-8BB8-9C29DE6548F7}
	EndGlobalSection
EndGlobal
